// !$*UTF8*$!
{
	archiveVersion = 1;
	classes = {
	};
	objectVersion = 50;
	objects = {

/* Begin PBXBuildFile section */
		2DE464AC26DAC09A01464EA5 /* AppDelegate.swift in Sources */ = {isa = PBXBuildFile; fileRef = 2DE460725C759DA9FD376E05 /* AppDelegate.swift */; };
		2DE467A359661D41C5F5F6EA /* PersonRepositoryImplementation.swift in Sources */ = {isa = PBXBuildFile; fileRef = 2DE46F5BFAEAB8200A47A0F4 /* PersonRepositoryImplementation.swift */; };
		2DE46A4BA4859215EAF2BAD2 /* ServiceLocator.swift in Sources */ = {isa = PBXBuildFile; fileRef = 2DE46354C0E3754AA11EFB56 /* ServiceLocator.swift */; };
		2DE46C28F501728337CB90DD /* PersonRepository.swift in Sources */ = {isa = PBXBuildFile; fileRef = 2DE468BBD14B30EF626D307E /* PersonRepository.swift */; };
		2DE46C70F74E7DC7CCDD4251 /* PersonServiceFactory.swift in Sources */ = {isa = PBXBuildFile; fileRef = 2DE46BE25D8A89485C555DFF /* PersonServiceFactory.swift */; };
		2DE46D2709ADB7D7378060CB /* PersonService.swift in Sources */ = {isa = PBXBuildFile; fileRef = 2DE4674DC135C4FE84D206DE /* PersonService.swift */; };
		C00B97C72278D404009F32F0 /* Perro.swift in Sources */ = {isa = PBXBuildFile; fileRef = C00B97C62278D404009F32F0 /* Perro.swift */; };
		C06ED1D922974671003437B8 /* Enviroment.plist in Resources */ = {isa = PBXBuildFile; fileRef = C06ED1D822974671003437B8 /* Enviroment.plist */; };
		C090BDAB2277B0380004136D /* ViewController.swift in Sources */ = {isa = PBXBuildFile; fileRef = C090BDAA2277B0380004136D /* ViewController.swift */; };
		C090BDAE2277B0380004136D /* Main.storyboard in Resources */ = {isa = PBXBuildFile; fileRef = C090BDAC2277B0380004136D /* Main.storyboard */; };
		C090BDB02277B03B0004136D /* Assets.xcassets in Resources */ = {isa = PBXBuildFile; fileRef = C090BDAF2277B03B0004136D /* Assets.xcassets */; };
		C090BDB32277B03B0004136D /* LaunchScreen.storyboard in Resources */ = {isa = PBXBuildFile; fileRef = C090BDB12277B03B0004136D /* LaunchScreen.storyboard */; };
		C090BDBC2277B0B30004136D /* Animal.swift in Sources */ = {isa = PBXBuildFile; fileRef = C090BDBB2277B0B30004136D /* Animal.swift */; };
		C0DB788A2278DCE4009749F1 /* Gato.swift in Sources */ = {isa = PBXBuildFile; fileRef = C0DB78892278DCE4009749F1 /* Gato.swift */; };
		C0DB788D2278E095009749F1 /* Hombre.swift in Sources */ = {isa = PBXBuildFile; fileRef = C0DB788C2278E095009749F1 /* Hombre.swift */; };
		C0DB788F2278E78F009749F1 /* Persona.swift in Sources */ = {isa = PBXBuildFile; fileRef = C0DB788E2278E78F009749F1 /* Persona.swift */; };
		C0DB78932278EC1F009749F1 /* Life.swift in Sources */ = {isa = PBXBuildFile; fileRef = C0DB78922278EC1F009749F1 /* Life.swift */; };
/* End PBXBuildFile section */

/* Begin PBXFileReference section */
		2DE460725C759DA9FD376E05 /* AppDelegate.swift */ = {isa = PBXFileReference; fileEncoding = 4; lastKnownFileType = sourcecode.swift; path = AppDelegate.swift; sourceTree = "<group>"; };
		2DE46354C0E3754AA11EFB56 /* ServiceLocator.swift */ = {isa = PBXFileReference; fileEncoding = 4; lastKnownFileType = sourcecode.swift; path = ServiceLocator.swift; sourceTree = "<group>"; };
		2DE4674DC135C4FE84D206DE /* PersonService.swift */ = {isa = PBXFileReference; fileEncoding = 4; lastKnownFileType = sourcecode.swift; path = PersonService.swift; sourceTree = "<group>"; };
		2DE468BBD14B30EF626D307E /* PersonRepository.swift */ = {isa = PBXFileReference; fileEncoding = 4; lastKnownFileType = sourcecode.swift; path = PersonRepository.swift; sourceTree = "<group>"; };
		2DE46BE25D8A89485C555DFF /* PersonServiceFactory.swift */ = {isa = PBXFileReference; fileEncoding = 4; lastKnownFileType = sourcecode.swift; path = PersonServiceFactory.swift; sourceTree = "<group>"; };
		2DE46F5BFAEAB8200A47A0F4 /* PersonRepositoryImplementation.swift */ = {isa = PBXFileReference; fileEncoding = 4; lastKnownFileType = sourcecode.swift; path = PersonRepositoryImplementation.swift; sourceTree = "<group>"; };
		C00B97C62278D404009F32F0 /* Perro.swift */ = {isa = PBXFileReference; lastKnownFileType = sourcecode.swift; path = Perro.swift; sourceTree = "<group>"; };
		C06ED1D822974671003437B8 /* Enviroment.plist */ = {isa = PBXFileReference; lastKnownFileType = text.plist.xml; path = Enviroment.plist; sourceTree = "<group>"; };
		C090BDA52277B0380004136D /* Real World POO.app */ = {isa = PBXFileReference; explicitFileType = wrapper.application; includeInIndex = 0; path = "Real World POO.app"; sourceTree = BUILT_PRODUCTS_DIR; };
		C090BDAA2277B0380004136D /* ViewController.swift */ = {isa = PBXFileReference; lastKnownFileType = sourcecode.swift; path = ViewController.swift; sourceTree = "<group>"; };
		C090BDAD2277B0380004136D /* Base */ = {isa = PBXFileReference; lastKnownFileType = file.storyboard; name = Base; path = Base.lproj/Main.storyboard; sourceTree = "<group>"; };
		C090BDAF2277B03B0004136D /* Assets.xcassets */ = {isa = PBXFileReference; lastKnownFileType = folder.assetcatalog; path = Assets.xcassets; sourceTree = "<group>"; };
		C090BDB22277B03B0004136D /* Base */ = {isa = PBXFileReference; lastKnownFileType = file.storyboard; name = Base; path = Base.lproj/LaunchScreen.storyboard; sourceTree = "<group>"; };
		C090BDB42277B03B0004136D /* Info.plist */ = {isa = PBXFileReference; lastKnownFileType = text.plist.xml; path = Info.plist; sourceTree = "<group>"; };
		C090BDBB2277B0B30004136D /* Animal.swift */ = {isa = PBXFileReference; lastKnownFileType = sourcecode.swift; path = Animal.swift; sourceTree = "<group>"; };
		C0DB78892278DCE4009749F1 /* Gato.swift */ = {isa = PBXFileReference; lastKnownFileType = sourcecode.swift; path = Gato.swift; sourceTree = "<group>"; };
		C0DB788C2278E095009749F1 /* Hombre.swift */ = {isa = PBXFileReference; lastKnownFileType = sourcecode.swift; path = Hombre.swift; sourceTree = "<group>"; };
		C0DB788E2278E78F009749F1 /* Persona.swift */ = {isa = PBXFileReference; lastKnownFileType = sourcecode.swift; path = Persona.swift; sourceTree = "<group>"; };
		C0DB78922278EC1F009749F1 /* Life.swift */ = {isa = PBXFileReference; lastKnownFileType = sourcecode.swift; path = Life.swift; sourceTree = "<group>"; };
/* End PBXFileReference section */

/* Begin PBXFrameworksBuildPhase section */
		C090BDA22277B0380004136D /* Frameworks */ = {
			isa = PBXFrameworksBuildPhase;
			buildActionMask = 2147483647;
			files = (
			);
			runOnlyForDeploymentPostprocessing = 0;
		};
/* End PBXFrameworksBuildPhase section */

/* Begin PBXGroup section */
		2DE46371E71722284C27B368 /* Repository */ = {
			isa = PBXGroup;
			children = (
				2DE468BBD14B30EF626D307E /* PersonRepository.swift */,
				2DE46930595B33FA5AD08BAB /* Implementations */,
			);
			path = Repository;
			sourceTree = "<group>";
		};
		2DE46479D8492F19BC16167A /* Registry */ = {
			isa = PBXGroup;
			children = (
				C06ED1D822974671003437B8 /* Enviroment.plist */,
				2DE46354C0E3754AA11EFB56 /* ServiceLocator.swift */,
			);
			path = Registry;
			sourceTree = "<group>";
		};
		2DE46930595B33FA5AD08BAB /* Implementations */ = {
			isa = PBXGroup;
			children = (
				2DE46F5BFAEAB8200A47A0F4 /* PersonRepositoryImplementation.swift */,
			);
			path = Implementations;
			sourceTree = "<group>";
		};
		2DE46D75713986FD7C5D4F8D /* Factory */ = {
			isa = PBXGroup;
			children = (
				2DE46BE25D8A89485C555DFF /* PersonServiceFactory.swift */,
			);
			path = Factory;
			sourceTree = "<group>";
		};
		2DE46F208845F0A46A6F51A9 /* Services */ = {
			isa = PBXGroup;
			children = (
				2DE4674DC135C4FE84D206DE /* PersonService.swift */,
				2DE46D75713986FD7C5D4F8D /* Factory */,
			);
			path = Services;
			sourceTree = "<group>";
		};
		C06ED1DB22985832003437B8 /* Core */ = {
			isa = PBXGroup;
			children = (
				C090BDBA2277B0860004136D /* Entitys */,
				C0DB788B2278DFDE009749F1 /* Protocols */,
				2DE46F208845F0A46A6F51A9 /* Services */,
			);
			path = Core;
			sourceTree = "<group>";
		};
		C06ED1DC22985A30003437B8 /* Infraestructure */ = {
			isa = PBXGroup;
			children = (
				C06ED1DD22985B8B003437B8 /* Models */,
				2DE46371E71722284C27B368 /* Repository */,
			);
			path = Infraestructure;
			sourceTree = "<group>";
		};
		C06ED1DD22985B8B003437B8 /* Models */ = {
			isa = PBXGroup;
			children = (
			);
			path = Models;
			sourceTree = "<group>";
		};
		C06ED1DF22985CEE003437B8 /* Main */ = {
			isa = PBXGroup;
			children = (
				C090BDB12277B03B0004136D /* LaunchScreen.storyboard */,
				C090BDAC2277B0380004136D /* Main.storyboard */,
				C090BDAA2277B0380004136D /* ViewController.swift */,
				2DE460725C759DA9FD376E05 /* AppDelegate.swift */,
			);
			path = Main;
			sourceTree = "<group>";
		};
		C06ED1E022985E3A003437B8 /* Search */ = {
			isa = PBXGroup;
			children = (
			);
			path = Search;
			sourceTree = "<group>";
		};
		C06ED1E1229890EC003437B8 /* Presentation */ = {
			isa = PBXGroup;
			children = (
				C090BDAF2277B03B0004136D /* Assets.xcassets */,
				C06ED1DF22985CEE003437B8 /* Main */,
				C06ED1E022985E3A003437B8 /* Search */,
			);
			path = Presentation;
			sourceTree = "<group>";
		};
		C090BD9C2277B0380004136D = {
			isa = PBXGroup;
			children = (
				C090BDA72277B0380004136D /* Real World POO */,
				C090BDA62277B0380004136D /* Products */,
			);
			sourceTree = "<group>";
		};
		C090BDA62277B0380004136D /* Products */ = {
			isa = PBXGroup;
			children = (
				C090BDA52277B0380004136D /* Real World POO.app */,
			);
			name = Products;
			sourceTree = "<group>";
		};
		C090BDA72277B0380004136D /* Real World POO */ = {
			isa = PBXGroup;
			children = (
				C090BDB42277B03B0004136D /* Info.plist */,
				C06ED1E1229890EC003437B8 /* Presentation */,
				2DE46479D8492F19BC16167A /* Registry */,
				C06ED1DB22985832003437B8 /* Core */,
				C06ED1DC22985A30003437B8 /* Infraestructure */,
			);
			path = "Real World POO";
			sourceTree = "<group>";
		};
		C090BDBA2277B0860004136D /* Entitys */ = {
			isa = PBXGroup;
			children = (
				C0DB78922278EC1F009749F1 /* Life.swift */,
				C00B97C62278D404009F32F0 /* Perro.swift */,
				C0DB78892278DCE4009749F1 /* Gato.swift */,
				C0DB788E2278E78F009749F1 /* Persona.swift */,
			);
			path = Entitys;
			sourceTree = "<group>";
		};
		C0DB788B2278DFDE009749F1 /* Protocols */ = {
			isa = PBXGroup;
			children = (
				C090BDBB2277B0B30004136D /* Animal.swift */,
				C0DB788C2278E095009749F1 /* Hombre.swift */,
			);
			path = Protocols;
			sourceTree = "<group>";
		};
/* End PBXGroup section */

/* Begin PBXNativeTarget section */
		C090BDA42277B0380004136D /* Real World POO */ = {
			isa = PBXNativeTarget;
			buildConfigurationList = C090BDB72277B03B0004136D /* Build configuration list for PBXNativeTarget "Real World POO" */;
			buildPhases = (
				C090BDA12277B0380004136D /* Sources */,
				C090BDA22277B0380004136D /* Frameworks */,
				C090BDA32277B0380004136D /* Resources */,
			);
			buildRules = (
			);
			dependencies = (
			);
			name = "Real World POO";
			productName = "Real World POO";
			productReference = C090BDA52277B0380004136D /* Real World POO.app */;
			productType = "com.apple.product-type.application";
		};
/* End PBXNativeTarget section */

/* Begin PBXProject section */
		C090BD9D2277B0380004136D /* Project object */ = {
			isa = PBXProject;
			attributes = {
				LastSwiftUpdateCheck = 1020;
				LastUpgradeCheck = 1020;
				ORGANIZATIONNAME = Vagasoft;
				TargetAttributes = {
					C090BDA42277B0380004136D = {
						CreatedOnToolsVersion = 10.2;
					};
				};
			};
			buildConfigurationList = C090BDA02277B0380004136D /* Build configuration list for PBXProject "Real World POO" */;
			compatibilityVersion = "Xcode 9.3";
			developmentRegion = en;
			hasScannedForEncodings = 0;
			knownRegions = (
				en,
				Base,
			);
			mainGroup = C090BD9C2277B0380004136D;
			productRefGroup = C090BDA62277B0380004136D /* Products */;
			projectDirPath = "";
			projectRoot = "";
			targets = (
				C090BDA42277B0380004136D /* Real World POO */,
			);
		};
/* End PBXProject section */

/* Begin PBXResourcesBuildPhase section */
		C090BDA32277B0380004136D /* Resources */ = {
			isa = PBXResourcesBuildPhase;
			buildActionMask = 2147483647;
			files = (
				C090BDB32277B03B0004136D /* LaunchScreen.storyboard in Resources */,
				C06ED1D922974671003437B8 /* Enviroment.plist in Resources */,
				C090BDB02277B03B0004136D /* Assets.xcassets in Resources */,
				C090BDAE2277B0380004136D /* Main.storyboard in Resources */,
			);
			runOnlyForDeploymentPostprocessing = 0;
		};
/* End PBXResourcesBuildPhase section */

/* Begin PBXSourcesBuildPhase section */
		C090BDA12277B0380004136D /* Sources */ = {
			isa = PBXSourcesBuildPhase;
			buildActionMask = 2147483647;
			files = (
				C090BDAB2277B0380004136D /* ViewController.swift in Sources */,
				C0DB788D2278E095009749F1 /* Hombre.swift in Sources */,
				C0DB788A2278DCE4009749F1 /* Gato.swift in Sources */,
				C00B97C72278D404009F32F0 /* Perro.swift in Sources */,
				C0DB78932278EC1F009749F1 /* Life.swift in Sources */,
				C090BDBC2277B0B30004136D /* Animal.swift in Sources */,
				C0DB788F2278E78F009749F1 /* Persona.swift in Sources */,
				2DE46D2709ADB7D7378060CB /* PersonService.swift in Sources */,
				2DE46A4BA4859215EAF2BAD2 /* ServiceLocator.swift in Sources */,
				2DE464AC26DAC09A01464EA5 /* AppDelegate.swift in Sources */,
				2DE46C70F74E7DC7CCDD4251 /* PersonServiceFactory.swift in Sources */,
				2DE46C28F501728337CB90DD /* PersonRepository.swift in Sources */,
				2DE467A359661D41C5F5F6EA /* PersonRepositoryImplementation.swift in Sources */,
			);
			runOnlyForDeploymentPostprocessing = 0;
		};
/* End PBXSourcesBuildPhase section */

/* Begin PBXVariantGroup section */
		C090BDAC2277B0380004136D /* Main.storyboard */ = {
			isa = PBXVariantGroup;
			children = (
				C090BDAD2277B0380004136D /* Base */,
			);
			name = Main.storyboard;
			sourceTree = "<group>";
		};
		C090BDB12277B03B0004136D /* LaunchScreen.storyboard */ = {
			isa = PBXVariantGroup;
			children = (
				C090BDB22277B03B0004136D /* Base */,
			);
			name = LaunchScreen.storyboard;
			sourceTree = "<group>";
		};
/* End PBXVariantGroup section */

/* Begin XCBuildConfiguration section */
		C090BDB52277B03B0004136D /* Debug */ = {
			isa = XCBuildConfiguration;
			buildSettings = {
				ALWAYS_SEARCH_USER_PATHS = NO;
				CLANG_ANALYZER_NONNULL = YES;
				CLANG_ANALYZER_NUMBER_OBJECT_CONVERSION = YES_AGGRESSIVE;
				CLANG_CXX_LANGUAGE_STANDARD = "gnu++14";
				CLANG_CXX_LIBRARY = "libc++";
				CLANG_ENABLE_MODULES = YES;
				CLANG_ENABLE_OBJC_ARC = YES;
				CLANG_ENABLE_OBJC_WEAK = YES;
				CLANG_WARN_BLOCK_CAPTURE_AUTORELEASING = YES;
				CLANG_WARN_BOOL_CONVERSION = YES;
				CLANG_WARN_COMMA = YES;
				CLANG_WARN_CONSTANT_CONVERSION = YES;
				CLANG_WARN_DEPRECATED_OBJC_IMPLEMENTATIONS = YES;
				CLANG_WARN_DIRECT_OBJC_ISA_USAGE = YES_ERROR;
				CLANG_WARN_DOCUMENTATION_COMMENTS = YES;
				CLANG_WARN_EMPTY_BODY = YES;
				CLANG_WARN_ENUM_CONVERSION = YES;
				CLANG_WARN_INFINITE_RECURSION = YES;
				CLANG_WARN_INT_CONVERSION = YES;
				CLANG_WARN_NON_LITERAL_NULL_CONVERSION = YES;
				CLANG_WARN_OBJC_IMPLICIT_RETAIN_SELF = YES;
				CLANG_WARN_OBJC_LITERAL_CONVERSION = YES;
				CLANG_WARN_OBJC_ROOT_CLASS = YES_ERROR;
				CLANG_WARN_RANGE_LOOP_ANALYSIS = YES;
				CLANG_WARN_STRICT_PROTOTYPES = YES;
				CLANG_WARN_SUSPICIOUS_MOVE = YES;
				CLANG_WARN_UNGUARDED_AVAILABILITY = YES_AGGRESSIVE;
				CLANG_WARN_UNREACHABLE_CODE = YES;
				CLANG_WARN__DUPLICATE_METHOD_MATCH = YES;
				CODE_SIGN_IDENTITY = "iPhone Developer";
				COPY_PHASE_STRIP = NO;
				DEBUG_INFORMATION_FORMAT = dwarf;
				ENABLE_STRICT_OBJC_MSGSEND = YES;
				ENABLE_TESTABILITY = YES;
				GCC_C_LANGUAGE_STANDARD = gnu11;
				GCC_DYNAMIC_NO_PIC = NO;
				GCC_NO_COMMON_BLOCKS = YES;
				GCC_OPTIMIZATION_LEVEL = 0;
				GCC_PREPROCESSOR_DEFINITIONS = (
					"DEBUG=1",
					"$(inherited)",
				);
				GCC_WARN_64_TO_32_BIT_CONVERSION = YES;
				GCC_WARN_ABOUT_RETURN_TYPE = YES_ERROR;
				GCC_WARN_UNDECLARED_SELECTOR = YES;
				GCC_WARN_UNINITIALIZED_AUTOS = YES_AGGRESSIVE;
				GCC_WARN_UNUSED_FUNCTION = YES;
				GCC_WARN_UNUSED_VARIABLE = YES;
				IPHONEOS_DEPLOYMENT_TARGET = 12.2;
				MTL_ENABLE_DEBUG_INFO = INCLUDE_SOURCE;
				MTL_FAST_MATH = YES;
				ONLY_ACTIVE_ARCH = YES;
				SDKROOT = iphoneos;
				SWIFT_ACTIVE_COMPILATION_CONDITIONS = DEBUG;
				SWIFT_OPTIMIZATION_LEVEL = "-Onone";
			};
			name = Debug;
		};
		C090BDB62277B03B0004136D /* Release */ = {
			isa = XCBuildConfiguration;
			buildSettings = {
				ALWAYS_SEARCH_USER_PATHS = NO;
				CLANG_ANALYZER_NONNULL = YES;
				CLANG_ANALYZER_NUMBER_OBJECT_CONVERSION = YES_AGGRESSIVE;
				CLANG_CXX_LANGUAGE_STANDARD = "gnu++14";
				CLANG_CXX_LIBRARY = "libc++";
				CLANG_ENABLE_MODULES = YES;
				CLANG_ENABLE_OBJC_ARC = YES;
				CLANG_ENABLE_OBJC_WEAK = YES;
				CLANG_WARN_BLOCK_CAPTURE_AUTORELEASING = YES;
				CLANG_WARN_BOOL_CONVERSION = YES;
				CLANG_WARN_COMMA = YES;
				CLANG_WARN_CONSTANT_CONVERSION = YES;
				CLANG_WARN_DEPRECATED_OBJC_IMPLEMENTATIONS = YES;
				CLANG_WARN_DIRECT_OBJC_ISA_USAGE = YES_ERROR;
				CLANG_WARN_DOCUMENTATION_COMMENTS = YES;
				CLANG_WARN_EMPTY_BODY = YES;
				CLANG_WARN_ENUM_CONVERSION = YES;
				CLANG_WARN_INFINITE_RECURSION = YES;
				CLANG_WARN_INT_CONVERSION = YES;
				CLANG_WARN_NON_LITERAL_NULL_CONVERSION = YES;
				CLANG_WARN_OBJC_IMPLICIT_RETAIN_SELF = YES;
				CLANG_WARN_OBJC_LITERAL_CONVERSION = YES;
				CLANG_WARN_OBJC_ROOT_CLASS = YES_ERROR;
				CLANG_WARN_RANGE_LOOP_ANALYSIS = YES;
				CLANG_WARN_STRICT_PROTOTYPES = YES;
				CLANG_WARN_SUSPICIOUS_MOVE = YES;
				CLANG_WARN_UNGUARDED_AVAILABILITY = YES_AGGRESSIVE;
				CLANG_WARN_UNREACHABLE_CODE = YES;
				CLANG_WARN__DUPLICATE_METHOD_MATCH = YES;
				CODE_SIGN_IDENTITY = "iPhone Developer";
				COPY_PHASE_STRIP = NO;
				DEBUG_INFORMATION_FORMAT = "dwarf-with-dsym";
				ENABLE_NS_ASSERTIONS = NO;
				ENABLE_STRICT_OBJC_MSGSEND = YES;
				GCC_C_LANGUAGE_STANDARD = gnu11;
				GCC_NO_COMMON_BLOCKS = YES;
				GCC_WARN_64_TO_32_BIT_CONVERSION = YES;
				GCC_WARN_ABOUT_RETURN_TYPE = YES_ERROR;
				GCC_WARN_UNDECLARED_SELECTOR = YES;
				GCC_WARN_UNINITIALIZED_AUTOS = YES_AGGRESSIVE;
				GCC_WARN_UNUSED_FUNCTION = YES;
				GCC_WARN_UNUSED_VARIABLE = YES;
				IPHONEOS_DEPLOYMENT_TARGET = 12.2;
				MTL_ENABLE_DEBUG_INFO = NO;
				MTL_FAST_MATH = YES;
				SDKROOT = iphoneos;
				SWIFT_COMPILATION_MODE = wholemodule;
				SWIFT_OPTIMIZATION_LEVEL = "-O";
				VALIDATE_PRODUCT = YES;
			};
			name = Release;
		};
		C090BDB82277B03B0004136D /* Debug */ = {
			isa = XCBuildConfiguration;
			buildSettings = {
				ASSETCATALOG_COMPILER_APPICON_NAME = AppIcon;
				CODE_SIGN_STYLE = Automatic;
				DEVELOPMENT_TEAM = CKXJJXL5F5;
				INFOPLIST_FILE = "Real World POO/Info.plist";
				LD_RUNPATH_SEARCH_PATHS = (
					"$(inherited)",
					"@executable_path/Frameworks",
				);
				PRODUCT_BUNDLE_IDENTIFIER = "com.example.Real-World-POO";
				PRODUCT_NAME = "$(TARGET_NAME)";
				SWIFT_VERSION = 5.0;
				TARGETED_DEVICE_FAMILY = "1,2";
			};
			name = Debug;
		};
		C090BDB92277B03B0004136D /* Release */ = {
			isa = XCBuildConfiguration;
			buildSettings = {
				ASSETCATALOG_COMPILER_APPICON_NAME = AppIcon;
				CODE_SIGN_STYLE = Automatic;
				DEVELOPMENT_TEAM = CKXJJXL5F5;
				INFOPLIST_FILE = "Real World POO/Info.plist";
				LD_RUNPATH_SEARCH_PATHS = (
					"$(inherited)",
					"@executable_path/Frameworks",
				);
				PRODUCT_BUNDLE_IDENTIFIER = "com.example.Real-World-POO";
				PRODUCT_NAME = "$(TARGET_NAME)";
				SWIFT_VERSION = 5.0;
				TARGETED_DEVICE_FAMILY = "1,2";
			};
			name = Release;
		};
/* End XCBuildConfiguration section */

/* Begin XCConfigurationList section */
		C090BDA02277B0380004136D /* Build configuration list for PBXProject "Real World POO" */ = {
			isa = XCConfigurationList;
			buildConfigurations = (
				C090BDB52277B03B0004136D /* Debug */,
				C090BDB62277B03B0004136D /* Release */,
			);
			defaultConfigurationIsVisible = 0;
			defaultConfigurationName = Release;
		};
		C090BDB72277B03B0004136D /* Build configuration list for PBXNativeTarget "Real World POO" */ = {
			isa = XCConfigurationList;
			buildConfigurations = (
				C090BDB82277B03B0004136D /* Debug */,
				C090BDB92277B03B0004136D /* Release */,
			);
			defaultConfigurationIsVisible = 0;
			defaultConfigurationName = Release;
		};
/* End XCConfigurationList section */
	};
	rootObject = C090BD9D2277B0380004136D /* Project object */;
}
